{
  "name": "fixture-lockfile-vulnerable",
  "version": "1.0.0",
  "lockfileVersion": 3,
  "requires": true,
  "packages": {
    "": { "name": "fixture-lockfile-vulnerable", "version": "1.0.0", "dependencies": { "xlsx": "0.18.5" } },
    "node_modules/xlsx": { "version": "0.18.5", "resolved": "https://registry.npmjs.org/xlsx/-/xlsx-0.18.5.tgz" }
  }
}
